
Microsoft Visual Studio Solution File, Format Version 12.00
# Visual Studio Version 17
VisualStudioVersion = 17.11.35208.52
MinimumVisualStudioVersion = 10.0.40219.1
Project("{FAE04EC0-301F-11D3-BF4B-00C04F79EFBC}") = "MyReactApp.Server", "MyReactApp.Server\MyReactApp.Server.csproj", "{07776D8A-C8DD-4FF2-BFB2-8F9C69F2CC5D}"
EndProject
Project("{54A90642-561A-4BB1-A94E-469ADEE60C69}") = "myreactapp.client", "myreactapp.client\myreactapp.client.esproj", "{A8B9632C-9D07-49E6-8B20-30C462BA4F5D}"
EndProject
Global
	GlobalSection(SolutionConfigurationPlatforms) = preSolution
		Debug|Any CPU = Debug|Any CPU
		Release|Any CPU = Release|Any CPU
	EndGlobalSection
	GlobalSection(ProjectConfigurationPlatforms) = postSolution
		{07776D8A-C8DD-4FF2-BFB2-8F9C69F2CC5D}.Debug|Any CPU.ActiveCfg = Debug|Any CPU
		{07776D8A-C8DD-4FF2-BFB2-8F9C69F2CC5D}.Debug|Any CPU.Build.0 = Debug|Any CPU
		{07776D8A-C8DD-4FF2-BFB2-8F9C69F2CC5D}.Release|Any CPU.ActiveCfg = Release|Any CPU
		{07776D8A-C8DD-4FF2-BFB2-8F9C69F2CC5D}.Release|Any CPU.Build.0 = Release|Any CPU
		{A8B9632C-9D07-49E6-8B20-30C462BA4F5D}.Debug|Any CPU.ActiveCfg = Debug|Any CPU
		{A8B9632C-9D07-49E6-8B20-30C462BA4F5D}.Debug|Any CPU.Build.0 = Debug|Any CPU
		{A8B9632C-9D07-49E6-8B20-30C462BA4F5D}.Debug|Any CPU.Deploy.0 = Debug|Any CPU
		{A8B9632C-9D07-49E6-8B20-30C462BA4F5D}.Release|Any CPU.ActiveCfg = Release|Any CPU
		{A8B9632C-9D07-49E6-8B20-30C462BA4F5D}.Release|Any CPU.Build.0 = Release|Any CPU
		{A8B9632C-9D07-49E6-8B20-30C462BA4F5D}.Release|Any CPU.Deploy.0 = Release|Any CPU
	EndGlobalSection
	GlobalSection(SolutionProperties) = preSolution
		HideSolutionNode = FALSE
	EndGlobalSection
	GlobalSection(ExtensibilityGlobals) = postSolution
		SolutionGuid = {D619231B-4486-4660-99E4-D5E83D606A02}
	EndGlobalSection
EndGlobal
